
Microsoft Visual Studio Solution File, Format Version 12.00
Project("{FAE04EC0-301F-11D3-BF4B-00C04F79EFBC}") = "Wealtherty.Cli", "Wealtherty.Cli\Wealtherty.Cli.csproj", "{777354E1-D9AA-46DF-830F-B44AE0C3560B}"
EndProject
Project("{FAE04EC0-301F-11D3-BF4B-00C04F79EFBC}") = "Wealtherty.Cli.Core", "Wealtherty.Cli.Core\Wealtherty.Cli.Core.csproj", "{2E6E39D9-CBA4-4E2F-B092-7585CFC19CFB}"
EndProject
Project("{FAE04EC0-301F-11D3-BF4B-00C04F79EFBC}") = "Wealtherty.Cli.CompaniesHouse", "Wealtherty.Cli.CompaniesHouse\Wealtherty.Cli.CompaniesHouse.csproj", "{A9987176-AF6E-42B8-BFD9-F167A7DDA1E0}"
EndProject
Project("{FAE04EC0-301F-11D3-BF4B-00C04F79EFBC}") = "Wealtherty.Cli.Ukri", "Wealtherty.Cli.Ukri\Wealtherty.Cli.Ukri.csproj", "{E2E47672-3081-4BA4-BED7-B61B7CFBAFC5}"
EndProject
Project("{FAE04EC0-301F-11D3-BF4B-00C04F79EFBC}") = "Wealtherty.Cli.CharityCommission", "Wealtherty.Cli.CharityCommission\Wealtherty.Cli.CharityCommission.csproj", "{01E42932-950E-4012-BA11-E17E3BC78262}"
EndProject
Project("{FAE04EC0-301F-11D3-BF4B-00C04F79EFBC}") = "Wealtherty.Cli.Bridge", "Wealtherty.Cli.Bridge\Wealtherty.Cli.Bridge.csproj", "{ECF2A267-4358-4F02-90E8-D5DC4091D4CC}"
EndProject
Global
	GlobalSection(SolutionConfigurationPlatforms) = preSolution
		Debug|Any CPU = Debug|Any CPU
		Release|Any CPU = Release|Any CPU
	EndGlobalSection
	GlobalSection(ProjectConfigurationPlatforms) = postSolution
		{777354E1-D9AA-46DF-830F-B44AE0C3560B}.Debug|Any CPU.ActiveCfg = Debug|Any CPU
		{777354E1-D9AA-46DF-830F-B44AE0C3560B}.Debug|Any CPU.Build.0 = Debug|Any CPU
		{777354E1-D9AA-46DF-830F-B44AE0C3560B}.Release|Any CPU.ActiveCfg = Release|Any CPU
		{777354E1-D9AA-46DF-830F-B44AE0C3560B}.Release|Any CPU.Build.0 = Release|Any CPU
		{2E6E39D9-CBA4-4E2F-B092-7585CFC19CFB}.Debug|Any CPU.ActiveCfg = Debug|Any CPU
		{2E6E39D9-CBA4-4E2F-B092-7585CFC19CFB}.Debug|Any CPU.Build.0 = Debug|Any CPU
		{2E6E39D9-CBA4-4E2F-B092-7585CFC19CFB}.Release|Any CPU.ActiveCfg = Release|Any CPU
		{2E6E39D9-CBA4-4E2F-B092-7585CFC19CFB}.Release|Any CPU.Build.0 = Release|Any CPU
		{A9987176-AF6E-42B8-BFD9-F167A7DDA1E0}.Debug|Any CPU.ActiveCfg = Debug|Any CPU
		{A9987176-AF6E-42B8-BFD9-F167A7DDA1E0}.Debug|Any CPU.Build.0 = Debug|Any CPU
		{A9987176-AF6E-42B8-BFD9-F167A7DDA1E0}.Release|Any CPU.ActiveCfg = Release|Any CPU
		{A9987176-AF6E-42B8-BFD9-F167A7DDA1E0}.Release|Any CPU.Build.0 = Release|Any CPU
		{E2E47672-3081-4BA4-BED7-B61B7CFBAFC5}.Debug|Any CPU.ActiveCfg = Debug|Any CPU
		{E2E47672-3081-4BA4-BED7-B61B7CFBAFC5}.Debug|Any CPU.Build.0 = Debug|Any CPU
		{E2E47672-3081-4BA4-BED7-B61B7CFBAFC5}.Release|Any CPU.ActiveCfg = Release|Any CPU
		{E2E47672-3081-4BA4-BED7-B61B7CFBAFC5}.Release|Any CPU.Build.0 = Release|Any CPU
		{01E42932-950E-4012-BA11-E17E3BC78262}.Debug|Any CPU.ActiveCfg = Debug|Any CPU
		{01E42932-950E-4012-BA11-E17E3BC78262}.Debug|Any CPU.Build.0 = Debug|Any CPU
		{01E42932-950E-4012-BA11-E17E3BC78262}.Release|Any CPU.ActiveCfg = Release|Any CPU
		{01E42932-950E-4012-BA11-E17E3BC78262}.Release|Any CPU.Build.0 = Release|Any CPU
		{ECF2A267-4358-4F02-90E8-D5DC4091D4CC}.Debug|Any CPU.ActiveCfg = Debug|Any CPU
		{ECF2A267-4358-4F02-90E8-D5DC4091D4CC}.Debug|Any CPU.Build.0 = Debug|Any CPU
		{ECF2A267-4358-4F02-90E8-D5DC4091D4CC}.Release|Any CPU.ActiveCfg = Release|Any CPU
		{ECF2A267-4358-4F02-90E8-D5DC4091D4CC}.Release|Any CPU.Build.0 = Release|Any CPU
	EndGlobalSection
EndGlobal
